// !$*UTF8*$!
{
	archiveVersion = 1;
	classes = {
	};
	objectVersion = 46;
	objects = {

/* Begin PBXAggregateTarget section */
		3AC5B358D6CD4AB188BA124F /* install */ = {
			isa = PBXAggregateTarget;
			buildConfigurationList = 0B81B79A12D8473794A6BCD5 /* Build configuration list for PBXAggregateTarget "install" */;
			buildPhases = (
				C3358BB446BF4CF78A83623E /* CMake PostBuild Rules */,
			);
			dependencies = (
				9F7848CE92634907A775A242 /* PBXTargetDependency */,
			);
			name = install;
			productName = install;
		};
		400730C934D94D3ABA1D250A /* ALL_BUILD */ = {
			isa = PBXAggregateTarget;
			buildConfigurationList = 22274047644242E58B35DF7D /* Build configuration list for PBXAggregateTarget "ALL_BUILD" */;
			buildPhases = (
				D0D3E9DE3DD4490FBD0D1C15 /* CMake Rules */,
			);
			dependencies = (
				27F6AC03A1D14C44A054495E /* PBXTargetDependency */,
				48F9547FBE9B4FA89EDCBB87 /* PBXTargetDependency */,
			);
			name = ALL_BUILD;
			productName = ALL_BUILD;
		};
		96D0D71F99764BEF8D472379 /* ZERO_CHECK */ = {
			isa = PBXAggregateTarget;
			buildConfigurationList = 67D3064BA07A4CD1899618CA /* Build configuration list for PBXAggregateTarget "ZERO_CHECK" */;
			buildPhases = (
				4DD9E7823D834EB3942384BD /* CMake Rules */,
			);
			dependencies = (
			);
			name = ZERO_CHECK;
			productName = ZERO_CHECK;
		};
/* End PBXAggregateTarget section */

/* Begin PBXBuildFile section */
		07219FBA1C564A8D9CC9982F /* HeedModel.cc in Sources */ = {isa = PBXBuildFile; fileRef = 5E271BA1A5434F619BBEBEA5 /* HeedModel.cc */; };
		0AABD60475744A0F9A72B7B4 /* GarfieldVUVPhotonModel.cc in Sources */ = {isa = PBXBuildFile; fileRef = 09857A22828C4E2C8B18DD2B /* GarfieldVUVPhotonModel.cc */; };
		102B719E110548EBBCCC2445 /* HeedInterfaceModel.cc in Sources */ = {isa = PBXBuildFile; fileRef = AB0F21972270417E9192C88C /* HeedInterfaceModel.cc */; };
		128B211970D14C08A76C75FB /* DegradModel.cc in Sources */ = {isa = PBXBuildFile; fileRef = B38141C42B014E85B5C13526 /* DegradModel.cc */; };
		1582DC5DD7BD4C179249DAF3 /* MyUserActionInitialization.cc in Sources */ = {isa = PBXBuildFile; fileRef = E01217C10DD7443DB07DA742 /* MyUserActionInitialization.cc */; };
		27E84CAFA3D545BA835F2BDE /* DetectorConstruction.cc in Sources */ = {isa = PBXBuildFile; fileRef = FC8E61D57EAF4FAAA77658C1 /* DetectorConstruction.cc */; };
		2C61EA62A7934C5AA4B83598 /* GasModelParametersMessenger.cc in Sources */ = {isa = PBXBuildFile; fileRef = A9A00FDAD36345C49B776090 /* GasModelParametersMessenger.cc */; };
		2D7BBCB9D46349228A8EDFE6 /* GasBoxHit.cc in Sources */ = {isa = PBXBuildFile; fileRef = 91339321B8E44BADA51D2ECE /* GasBoxHit.cc */; };
		398EC69464F148B389E89C34 /* GasModelParameters.cc in Sources */ = {isa = PBXBuildFile; fileRef = F86D0667480E4A07A9CD4112 /* GasModelParameters.cc */; };
		3FBEA8D828F84D3CBA61D5F8 /* RunAction.cc in Sources */ = {isa = PBXBuildFile; fileRef = EB89D9FBA45F4F0193826FA6 /* RunAction.cc */; };
		480E68ED064C431EBD8608A8 /* DetectorMessenger.cc in Sources */ = {isa = PBXBuildFile; fileRef = 0EDF2098E831437BA0328A99 /* DetectorMessenger.cc */; };
		4A44FB4818214C9D9052D571 /* DriftLineHit.cc in Sources */ = {isa = PBXBuildFile; fileRef = 928398308A214011A1918D32 /* DriftLineHit.cc */; };
		5393E67150A54FE3B71BCA8C /* PrimaryGeneratorAction.cc in Sources */ = {isa = PBXBuildFile; fileRef = 061F841B1B9B433D986285C4 /* PrimaryGeneratorAction.cc */; };
		5A970E1BB930423EAFB63FDF /* PhysListEmStandard.cc in Sources */ = {isa = PBXBuildFile; fileRef = D404BEF48F3840C2B4BB8F55 /* PhysListEmStandard.cc */; };
		5BB7B0D6AA7B4A2482562E4E /* GarfieldExcitationHit.cc in Sources */ = {isa = PBXBuildFile; fileRef = D67B4AE234F0423287A6C5BA /* GarfieldExcitationHit.cc */; };
		73F6F05995C04E3E9A043E85 /* GasBoxSD.cc in Sources */ = {isa = PBXBuildFile; fileRef = B5EBBC4CEEE24EC999D100E7 /* GasBoxSD.cc */; };
		832BB9F633824A57966CA521 /* XenonHit.cc in Sources */ = {isa = PBXBuildFile; fileRef = 7A4A43A3AD8947ADA8454B1F /* XenonHit.cc */; };
		86001C3E502C422F92BE6C17 /* PhysicsListMessenger.cc in Sources */ = {isa = PBXBuildFile; fileRef = 855BABE2A7724E70AEFFF4CA /* PhysicsListMessenger.cc */; };
		B4C1C00DAD334B70AFDD40E0 /* EventAction.cc in Sources */ = {isa = PBXBuildFile; fileRef = CFA2079A2E5D4AC389AFC035 /* EventAction.cc */; };
		C66BA11C43544619AD1E61E7 /* HeedOnlyModel.cc in Sources */ = {isa = PBXBuildFile; fileRef = C4225BDEA30642C9838ED432 /* HeedOnlyModel.cc */; };
		CC287295E7604431846198B4 /* PhysicsList.cc in Sources */ = {isa = PBXBuildFile; fileRef = D5CF7205B5994D83A0131554 /* PhysicsList.cc */; };
		D835E8C03F8F468A9A82FB76 /* SteppingAction.cc in Sources */ = {isa = PBXBuildFile; fileRef = 67B00497E3A241649E781454 /* SteppingAction.cc */; };
		F8F1F7071B414C02BEF8917B /* InterfaceExample.cc in Sources */ = {isa = PBXBuildFile; fileRef = 420EA5033031459B883F0201 /* InterfaceExample.cc */; };
/* End PBXBuildFile section */

/* Begin PBXContainerItemProxy section */
		0140E52D1F314212BD325F52 /* PBXContainerItemProxy */ = {
			isa = PBXContainerItemProxy;
			containerPortal = C4D4FE870EBF4256B8A56D8A /* Project object */;
			proxyType = 1;
			remoteGlobalIDString = 6478F33F106644198125E958;
			remoteInfo = InterfaceExample;
		};
		1D150541451F41F7AC6748F3 /* PBXContainerItemProxy */ = {
			isa = PBXContainerItemProxy;
			containerPortal = C4D4FE870EBF4256B8A56D8A /* Project object */;
			proxyType = 1;
			remoteGlobalIDString = 96D0D71F99764BEF8D472379;
			remoteInfo = ZERO_CHECK;
		};
		38E4C911224E4E9086BBC896 /* PBXContainerItemProxy */ = {
			isa = PBXContainerItemProxy;
			containerPortal = C4D4FE870EBF4256B8A56D8A /* Project object */;
			proxyType = 1;
			remoteGlobalIDString = 96D0D71F99764BEF8D472379;
			remoteInfo = ZERO_CHECK;
		};
		9AD685AD7074444AA6F2BBA3 /* PBXContainerItemProxy */ = {
			isa = PBXContainerItemProxy;
			containerPortal = C4D4FE870EBF4256B8A56D8A /* Project object */;
			proxyType = 1;
			remoteGlobalIDString = 400730C934D94D3ABA1D250A;
			remoteInfo = ALL_BUILD;
		};
/* End PBXContainerItemProxy section */

/* Begin PBXFileReference section */
		061F841B1B9B433D986285C4 /* PrimaryGeneratorAction.cc */ = {isa = PBXFileReference; explicitFileType = sourcecode.cpp.cpp; fileEncoding = 4; name = PrimaryGeneratorAction.cc; path = src/PrimaryGeneratorAction.cc; sourceTree = SOURCE_ROOT; };
		07BBCFE06931490EBEF4ECAF /* PrimaryGeneratorAction.hh */ = {isa = PBXFileReference; explicitFileType = sourcecode.cpp.h; fileEncoding = 4; name = PrimaryGeneratorAction.hh; path = include/PrimaryGeneratorAction.hh; sourceTree = SOURCE_ROOT; };
		09857A22828C4E2C8B18DD2B /* GarfieldVUVPhotonModel.cc */ = {isa = PBXFileReference; explicitFileType = sourcecode.cpp.cpp; fileEncoding = 4; name = GarfieldVUVPhotonModel.cc; path = src/GarfieldVUVPhotonModel.cc; sourceTree = SOURCE_ROOT; };
		0EDF2098E831437BA0328A99 /* DetectorMessenger.cc */ = {isa = PBXFileReference; explicitFileType = sourcecode.cpp.cpp; fileEncoding = 4; name = DetectorMessenger.cc; path = src/DetectorMessenger.cc; sourceTree = SOURCE_ROOT; };
		19AA6D9F09D9400EB2BD57BE /* MyUserActionInitialization.hh */ = {isa = PBXFileReference; explicitFileType = sourcecode.cpp.h; fileEncoding = 4; name = MyUserActionInitialization.hh; path = include/MyUserActionInitialization.hh; sourceTree = SOURCE_ROOT; };
		1B2FD66DF0B9461297223587 /* DetectorMessenger.hh */ = {isa = PBXFileReference; explicitFileType = sourcecode.cpp.h; fileEncoding = 4; name = DetectorMessenger.hh; path = include/DetectorMessenger.hh; sourceTree = SOURCE_ROOT; };
		2FDEC49A996B4B1B94B3D3AD /* HeedOnlyModel.hh */ = {isa = PBXFileReference; explicitFileType = sourcecode.cpp.h; fileEncoding = 4; name = HeedOnlyModel.hh; path = include/HeedOnlyModel.hh; sourceTree = SOURCE_ROOT; };
		3CB7FCBFC2204C82A19686F2 /* DriftLineHit.hh */ = {isa = PBXFileReference; explicitFileType = sourcecode.cpp.h; fileEncoding = 4; name = DriftLineHit.hh; path = include/DriftLineHit.hh; sourceTree = SOURCE_ROOT; };
		420EA5033031459B883F0201 /* InterfaceExample.cc */ = {isa = PBXFileReference; explicitFileType = sourcecode.cpp.cpp; fileEncoding = 4; path = InterfaceExample.cc; sourceTree = SOURCE_ROOT; };
		459C72245CDB4DC29DBCEF18 /* HeedInterfaceModel.hh */ = {isa = PBXFileReference; explicitFileType = sourcecode.cpp.h; fileEncoding = 4; name = HeedInterfaceModel.hh; path = include/HeedInterfaceModel.hh; sourceTree = SOURCE_ROOT; };
		46A9557D64FA442DBB88A765 /* CMakeLists.txt */ = {isa = PBXFileReference; explicitFileType = sourcecode.text; fileEncoding = 4; lastKnownFileType = text; path = CMakeLists.txt; sourceTree = SOURCE_ROOT; };
		5CCBB9D0595440AAA8231863 /* PhysicsListMessenger.hh */ = {isa = PBXFileReference; explicitFileType = sourcecode.cpp.h; fileEncoding = 4; name = PhysicsListMessenger.hh; path = include/PhysicsListMessenger.hh; sourceTree = SOURCE_ROOT; };
		5E271BA1A5434F619BBEBEA5 /* HeedModel.cc */ = {isa = PBXFileReference; explicitFileType = sourcecode.cpp.cpp; fileEncoding = 4; name = HeedModel.cc; path = src/HeedModel.cc; sourceTree = SOURCE_ROOT; };
		67B00497E3A241649E781454 /* SteppingAction.cc */ = {isa = PBXFileReference; explicitFileType = sourcecode.cpp.cpp; fileEncoding = 4; name = SteppingAction.cc; path = src/SteppingAction.cc; sourceTree = SOURCE_ROOT; };
		68DF21D5244345F68AFB6243 /* GasModelParametersMessenger.hh */ = {isa = PBXFileReference; explicitFileType = sourcecode.cpp.h; fileEncoding = 4; name = GasModelParametersMessenger.hh; path = include/GasModelParametersMessenger.hh; sourceTree = SOURCE_ROOT; };
		69DD7D55EFF24AD9A58EFA05 /* SteppingAction.hh */ = {isa = PBXFileReference; explicitFileType = sourcecode.cpp.h; fileEncoding = 4; name = SteppingAction.hh; path = include/SteppingAction.hh; sourceTree = SOURCE_ROOT; };
		75997F7110BD4F8BA07FEC3D /* DetectorConstruction.hh */ = {isa = PBXFileReference; explicitFileType = sourcecode.cpp.h; fileEncoding = 4; name = DetectorConstruction.hh; path = include/DetectorConstruction.hh; sourceTree = SOURCE_ROOT; };
		7A4A43A3AD8947ADA8454B1F /* XenonHit.cc */ = {isa = PBXFileReference; explicitFileType = sourcecode.cpp.cpp; fileEncoding = 4; name = XenonHit.cc; path = src/XenonHit.cc; sourceTree = SOURCE_ROOT; };
		855BABE2A7724E70AEFFF4CA /* PhysicsListMessenger.cc */ = {isa = PBXFileReference; explicitFileType = sourcecode.cpp.cpp; fileEncoding = 4; name = PhysicsListMessenger.cc; path = src/PhysicsListMessenger.cc; sourceTree = SOURCE_ROOT; };
		88D7E0EE90664F6DB6D39F0D /* GarfieldExcitationHit.hh */ = {isa = PBXFileReference; explicitFileType = sourcecode.cpp.h; fileEncoding = 4; name = GarfieldExcitationHit.hh; path = include/GarfieldExcitationHit.hh; sourceTree = SOURCE_ROOT; };
		8969C6D9407149E795EAC476 /* GasBoxHit.hh */ = {isa = PBXFileReference; explicitFileType = sourcecode.cpp.h; fileEncoding = 4; name = GasBoxHit.hh; path = include/GasBoxHit.hh; sourceTree = SOURCE_ROOT; };
		91339321B8E44BADA51D2ECE /* GasBoxHit.cc */ = {isa = PBXFileReference; explicitFileType = sourcecode.cpp.cpp; fileEncoding = 4; name = GasBoxHit.cc; path = src/GasBoxHit.cc; sourceTree = SOURCE_ROOT; };
		928398308A214011A1918D32 /* DriftLineHit.cc */ = {isa = PBXFileReference; explicitFileType = sourcecode.cpp.cpp; fileEncoding = 4; name = DriftLineHit.cc; path = src/DriftLineHit.cc; sourceTree = SOURCE_ROOT; };
		987ADC9BD6CA42189DE14D49 /* GarfieldVUVPhotonModel.hh */ = {isa = PBXFileReference; explicitFileType = sourcecode.cpp.h; fileEncoding = 4; name = GarfieldVUVPhotonModel.hh; path = include/GarfieldVUVPhotonModel.hh; sourceTree = SOURCE_ROOT; };
		99CB41A16F2248D494BE6B49 /* GasModelParameters.hh */ = {isa = PBXFileReference; explicitFileType = sourcecode.cpp.h; fileEncoding = 4; name = GasModelParameters.hh; path = include/GasModelParameters.hh; sourceTree = SOURCE_ROOT; };
		9A2C02521F10486B8EC580E4 /* PhysicsList.hh */ = {isa = PBXFileReference; explicitFileType = sourcecode.cpp.h; fileEncoding = 4; name = PhysicsList.hh; path = include/PhysicsList.hh; sourceTree = SOURCE_ROOT; };
		9C269CC6869D4F07974DB656 /* DegradModel.hh */ = {isa = PBXFileReference; explicitFileType = sourcecode.cpp.h; fileEncoding = 4; name = DegradModel.hh; path = include/DegradModel.hh; sourceTree = SOURCE_ROOT; };
		A7C540A62EC1407C9A9F174F /* HeedModel.hh */ = {isa = PBXFileReference; explicitFileType = sourcecode.cpp.h; fileEncoding = 4; name = HeedModel.hh; path = include/HeedModel.hh; sourceTree = SOURCE_ROOT; };
		A8B951FA26224ECEA5ACA72A /* Analysis.hh */ = {isa = PBXFileReference; explicitFileType = sourcecode.cpp.h; fileEncoding = 4; name = Analysis.hh; path = include/Analysis.hh; sourceTree = SOURCE_ROOT; };
		A9A00FDAD36345C49B776090 /* GasModelParametersMessenger.cc */ = {isa = PBXFileReference; explicitFileType = sourcecode.cpp.cpp; fileEncoding = 4; name = GasModelParametersMessenger.cc; path = src/GasModelParametersMessenger.cc; sourceTree = SOURCE_ROOT; };
		AB0F21972270417E9192C88C /* HeedInterfaceModel.cc */ = {isa = PBXFileReference; explicitFileType = sourcecode.cpp.cpp; fileEncoding = 4; name = HeedInterfaceModel.cc; path = src/HeedInterfaceModel.cc; sourceTree = SOURCE_ROOT; };
		AB261C5ACFB3430282948CE4 /* InterfaceExample */ = {isa = PBXFileReference; explicitFileType = "compiled.mach-o.executable"; path = InterfaceExample; sourceTree = BUILT_PRODUCTS_DIR; };
		B32A5EB2FCB24961A9EECCA7 /* RunAction.hh */ = {isa = PBXFileReference; explicitFileType = sourcecode.cpp.h; fileEncoding = 4; name = RunAction.hh; path = include/RunAction.hh; sourceTree = SOURCE_ROOT; };
		B38141C42B014E85B5C13526 /* DegradModel.cc */ = {isa = PBXFileReference; explicitFileType = sourcecode.cpp.cpp; fileEncoding = 4; name = DegradModel.cc; path = src/DegradModel.cc; sourceTree = SOURCE_ROOT; };
		B5EBBC4CEEE24EC999D100E7 /* GasBoxSD.cc */ = {isa = PBXFileReference; explicitFileType = sourcecode.cpp.cpp; fileEncoding = 4; name = GasBoxSD.cc; path = src/GasBoxSD.cc; sourceTree = SOURCE_ROOT; };
		C22B6C08EAC74972A3FEA530 /* CMakeLists.txt */ = {isa = PBXFileReference; explicitFileType = sourcecode.text; fileEncoding = 4; lastKnownFileType = text; path = CMakeLists.txt; sourceTree = SOURCE_ROOT; };
		C3030BED1A764F0C87E3372B /* GasBoxSD.hh */ = {isa = PBXFileReference; explicitFileType = sourcecode.cpp.h; fileEncoding = 4; name = GasBoxSD.hh; path = include/GasBoxSD.hh; sourceTree = SOURCE_ROOT; };
		C4225BDEA30642C9838ED432 /* HeedOnlyModel.cc */ = {isa = PBXFileReference; explicitFileType = sourcecode.cpp.cpp; fileEncoding = 4; name = HeedOnlyModel.cc; path = src/HeedOnlyModel.cc; sourceTree = SOURCE_ROOT; };
		C47CA9BD8CAB41DF95A1370C /* EventAction.hh */ = {isa = PBXFileReference; explicitFileType = sourcecode.cpp.h; fileEncoding = 4; name = EventAction.hh; path = include/EventAction.hh; sourceTree = SOURCE_ROOT; };
		CF7D7C97C20B466AA9B001DD /* CMakeLists.txt */ = {isa = PBXFileReference; explicitFileType = sourcecode.text; fileEncoding = 4; lastKnownFileType = text; path = CMakeLists.txt; sourceTree = SOURCE_ROOT; };
		CFA2079A2E5D4AC389AFC035 /* EventAction.cc */ = {isa = PBXFileReference; explicitFileType = sourcecode.cpp.cpp; fileEncoding = 4; name = EventAction.cc; path = src/EventAction.cc; sourceTree = SOURCE_ROOT; };
		D404BEF48F3840C2B4BB8F55 /* PhysListEmStandard.cc */ = {isa = PBXFileReference; explicitFileType = sourcecode.cpp.cpp; fileEncoding = 4; name = PhysListEmStandard.cc; path = src/PhysListEmStandard.cc; sourceTree = SOURCE_ROOT; };
		D5CF7205B5994D83A0131554 /* PhysicsList.cc */ = {isa = PBXFileReference; explicitFileType = sourcecode.cpp.cpp; fileEncoding = 4; name = PhysicsList.cc; path = src/PhysicsList.cc; sourceTree = SOURCE_ROOT; };
		D67B4AE234F0423287A6C5BA /* GarfieldExcitationHit.cc */ = {isa = PBXFileReference; explicitFileType = sourcecode.cpp.cpp; fileEncoding = 4; name = GarfieldExcitationHit.cc; path = src/GarfieldExcitationHit.cc; sourceTree = SOURCE_ROOT; };
		E01217C10DD7443DB07DA742 /* MyUserActionInitialization.cc */ = {isa = PBXFileReference; explicitFileType = sourcecode.cpp.cpp; fileEncoding = 4; name = MyUserActionInitialization.cc; path = src/MyUserActionInitialization.cc; sourceTree = SOURCE_ROOT; };
		EB89D9FBA45F4F0193826FA6 /* RunAction.cc */ = {isa = PBXFileReference; explicitFileType = sourcecode.cpp.cpp; fileEncoding = 4; name = RunAction.cc; path = src/RunAction.cc; sourceTree = SOURCE_ROOT; };
		EE3B6A4B61974BA5A3C9D8EB /* XenonHit.hh */ = {isa = PBXFileReference; explicitFileType = sourcecode.cpp.h; fileEncoding = 4; name = XenonHit.hh; path = include/XenonHit.hh; sourceTree = SOURCE_ROOT; };
		F86D0667480E4A07A9CD4112 /* GasModelParameters.cc */ = {isa = PBXFileReference; explicitFileType = sourcecode.cpp.cpp; fileEncoding = 4; name = GasModelParameters.cc; path = src/GasModelParameters.cc; sourceTree = SOURCE_ROOT; };
		FACD0E33234349688A68C781 /* PhysListEmStandard.hh */ = {isa = PBXFileReference; explicitFileType = sourcecode.cpp.h; fileEncoding = 4; name = PhysListEmStandard.hh; path = include/PhysListEmStandard.hh; sourceTree = SOURCE_ROOT; };
		FC8E61D57EAF4FAAA77658C1 /* DetectorConstruction.cc */ = {isa = PBXFileReference; explicitFileType = sourcecode.cpp.cpp; fileEncoding = 4; name = DetectorConstruction.cc; path = src/DetectorConstruction.cc; sourceTree = SOURCE_ROOT; };
/* End PBXFileReference section */

/* Begin PBXGroup section */
		0A572B3C2187448DAE29258A /* Header Files */ = {
			isa = PBXGroup;
			children = (
				A8B951FA26224ECEA5ACA72A /* Analysis.hh */,
				9C269CC6869D4F07974DB656 /* DegradModel.hh */,
				75997F7110BD4F8BA07FEC3D /* DetectorConstruction.hh */,
				1B2FD66DF0B9461297223587 /* DetectorMessenger.hh */,
				3CB7FCBFC2204C82A19686F2 /* DriftLineHit.hh */,
				C47CA9BD8CAB41DF95A1370C /* EventAction.hh */,
				88D7E0EE90664F6DB6D39F0D /* GarfieldExcitationHit.hh */,
				987ADC9BD6CA42189DE14D49 /* GarfieldVUVPhotonModel.hh */,
				8969C6D9407149E795EAC476 /* GasBoxHit.hh */,
				C3030BED1A764F0C87E3372B /* GasBoxSD.hh */,
				99CB41A16F2248D494BE6B49 /* GasModelParameters.hh */,
				68DF21D5244345F68AFB6243 /* GasModelParametersMessenger.hh */,
				459C72245CDB4DC29DBCEF18 /* HeedInterfaceModel.hh */,
				A7C540A62EC1407C9A9F174F /* HeedModel.hh */,
				2FDEC49A996B4B1B94B3D3AD /* HeedOnlyModel.hh */,
				19AA6D9F09D9400EB2BD57BE /* MyUserActionInitialization.hh */,
				FACD0E33234349688A68C781 /* PhysListEmStandard.hh */,
				9A2C02521F10486B8EC580E4 /* PhysicsList.hh */,
				5CCBB9D0595440AAA8231863 /* PhysicsListMessenger.hh */,
				07BBCFE06931490EBEF4ECAF /* PrimaryGeneratorAction.hh */,
				B32A5EB2FCB24961A9EECCA7 /* RunAction.hh */,
				69DD7D55EFF24AD9A58EFA05 /* SteppingAction.hh */,
				EE3B6A4B61974BA5A3C9D8EB /* XenonHit.hh */,
			);
			name = "Header Files";
			sourceTree = "<group>";
		};
		281DA0F6B0134CD2AF364422 /* CMake Rules */ = {
			isa = PBXGroup;
			children = (
			);
			name = "CMake Rules";
			sourceTree = "<group>";
		};
		39DBA76AE28D4B638FE4CB4A /* ALL_BUILD */ = {
			isa = PBXGroup;
			children = (
				719CFCA47DAB4D539C62C495 /* CMake Rules */,
				46A9557D64FA442DBB88A765 /* CMakeLists.txt */,
			);
			name = ALL_BUILD;
			sourceTree = "<group>";
		};
		3EDB28CA7548497BB27E3A70 /* Products */ = {
			isa = PBXGroup;
			children = (
				AB261C5ACFB3430282948CE4 /* InterfaceExample */,
			);
			name = Products;
			sourceTree = "<group>";
		};
		719CFCA47DAB4D539C62C495 /* CMake Rules */ = {
			isa = PBXGroup;
			children = (
			);
			name = "CMake Rules";
			sourceTree = "<group>";
		};
		94B81D43781C404C8427DAF9 /* ZERO_CHECK */ = {
			isa = PBXGroup;
			children = (
				281DA0F6B0134CD2AF364422 /* CMake Rules */,
				C22B6C08EAC74972A3FEA530 /* CMakeLists.txt */,
			);
			name = ZERO_CHECK;
			sourceTree = "<group>";
		};
		D3E9CE0B33C34DD5A1E2C650 /* InterfaceExample */ = {
			isa = PBXGroup;
			children = (
				F4A4D747F8804796B485BA52 /* Source Files */,
				0A572B3C2187448DAE29258A /* Header Files */,
				CF7D7C97C20B466AA9B001DD /* CMakeLists.txt */,
			);
			name = InterfaceExample;
			sourceTree = "<group>";
		};
		EE8A1868AD1C47828C6A54E7 = {
			isa = PBXGroup;
			children = (
				D3E9CE0B33C34DD5A1E2C650 /* InterfaceExample */,
				39DBA76AE28D4B638FE4CB4A /* ALL_BUILD */,
				94B81D43781C404C8427DAF9 /* ZERO_CHECK */,
				3EDB28CA7548497BB27E3A70 /* Products */,
			);
			sourceTree = "<group>";
		};
		F4A4D747F8804796B485BA52 /* Source Files */ = {
			isa = PBXGroup;
			children = (
				420EA5033031459B883F0201 /* InterfaceExample.cc */,
				B38141C42B014E85B5C13526 /* DegradModel.cc */,
				FC8E61D57EAF4FAAA77658C1 /* DetectorConstruction.cc */,
				0EDF2098E831437BA0328A99 /* DetectorMessenger.cc */,
				928398308A214011A1918D32 /* DriftLineHit.cc */,
				CFA2079A2E5D4AC389AFC035 /* EventAction.cc */,
				D67B4AE234F0423287A6C5BA /* GarfieldExcitationHit.cc */,
				09857A22828C4E2C8B18DD2B /* GarfieldVUVPhotonModel.cc */,
				91339321B8E44BADA51D2ECE /* GasBoxHit.cc */,
				B5EBBC4CEEE24EC999D100E7 /* GasBoxSD.cc */,
				F86D0667480E4A07A9CD4112 /* GasModelParameters.cc */,
				A9A00FDAD36345C49B776090 /* GasModelParametersMessenger.cc */,
				AB0F21972270417E9192C88C /* HeedInterfaceModel.cc */,
				5E271BA1A5434F619BBEBEA5 /* HeedModel.cc */,
				C4225BDEA30642C9838ED432 /* HeedOnlyModel.cc */,
				E01217C10DD7443DB07DA742 /* MyUserActionInitialization.cc */,
				D404BEF48F3840C2B4BB8F55 /* PhysListEmStandard.cc */,
				D5CF7205B5994D83A0131554 /* PhysicsList.cc */,
				855BABE2A7724E70AEFFF4CA /* PhysicsListMessenger.cc */,
				061F841B1B9B433D986285C4 /* PrimaryGeneratorAction.cc */,
				EB89D9FBA45F4F0193826FA6 /* RunAction.cc */,
				67B00497E3A241649E781454 /* SteppingAction.cc */,
				7A4A43A3AD8947ADA8454B1F /* XenonHit.cc */,
			);
			name = "Source Files";
			sourceTree = "<group>";
		};
/* End PBXGroup section */

/* Begin PBXNativeTarget section */
		6478F33F106644198125E958 /* InterfaceExample */ = {
			isa = PBXNativeTarget;
			buildConfigurationList = 42BDDF1C2AAC4B98B6C9E0AF /* Build configuration list for PBXNativeTarget "InterfaceExample" */;
			buildPhases = (
				85BC8BA048574FA2B843A7C2 /* Sources */,
			);
			buildRules = (
			);
			dependencies = (
				17B5A7915D8449F1854D09CF /* PBXTargetDependency */,
			);
			name = InterfaceExample;
			productName = InterfaceExample;
			productReference = AB261C5ACFB3430282948CE4 /* InterfaceExample */;
			productType = "com.apple.product-type.tool";
		};
/* End PBXNativeTarget section */

/* Begin PBXProject section */
		C4D4FE870EBF4256B8A56D8A /* Project object */ = {
			isa = PBXProject;
			attributes = {
				BuildIndependentTargetsInParallel = YES;
				LastUpgradeCheck = 0940;
			};
			buildConfigurationList = DD3560A17244448EBDE96B47 /* Build configuration list for PBXProject "InterfaceExample" */;
			compatibilityVersion = "Xcode 3.2";
			developmentRegion = en;
			hasScannedForEncodings = 0;
			knownRegions = (
				en,
			);
			mainGroup = EE8A1868AD1C47828C6A54E7;
			projectDirPath = "";
			projectRoot = "";
			targets = (
				400730C934D94D3ABA1D250A /* ALL_BUILD */,
				6478F33F106644198125E958 /* InterfaceExample */,
				96D0D71F99764BEF8D472379 /* ZERO_CHECK */,
				3AC5B358D6CD4AB188BA124F /* install */,
			);
		};
/* End PBXProject section */

/* Begin PBXShellScriptBuildPhase section */
		4DD9E7823D834EB3942384BD /* CMake Rules */ = {
			isa = PBXShellScriptBuildPhase;
			buildActionMask = 2147483647;
			files = (
			);
			name = "CMake Rules";
			outputPaths = (
				/Users/lennertdekeukeleere/Documents/Work/Code/Geant4GarfieldDegradInterface/CMakeFiles/ZERO_CHECK,
			);
			runOnlyForDeploymentPostprocessing = 0;
			shellPath = /bin/sh;
			shellScript = "make -C /Users/lennertdekeukeleere/Documents/Work/Code/Geant4GarfieldDegradInterface -f /Users/lennertdekeukeleere/Documents/Work/Code/Geant4GarfieldDegradInterface/CMakeScripts/ZERO_CHECK_cmakeRulesBuildPhase.make$CONFIGURATION all";
			showEnvVarsInLog = 0;
		};
		C3358BB446BF4CF78A83623E /* CMake PostBuild Rules */ = {
			isa = PBXShellScriptBuildPhase;
			buildActionMask = 2147483647;
			files = (
			);
			name = "CMake PostBuild Rules";
			outputPaths = (
			);
			runOnlyForDeploymentPostprocessing = 0;
			shellPath = /bin/sh;
			shellScript = "make -C /Users/lennertdekeukeleere/Documents/Work/Code/Geant4GarfieldDegradInterface -f /Users/lennertdekeukeleere/Documents/Work/Code/Geant4GarfieldDegradInterface/CMakeScripts/install_postBuildPhase.make$CONFIGURATION all";
			showEnvVarsInLog = 0;
		};
		D0D3E9DE3DD4490FBD0D1C15 /* CMake Rules */ = {
			isa = PBXShellScriptBuildPhase;
			buildActionMask = 2147483647;
			files = (
			);
			name = "CMake Rules";
			outputPaths = (
				/Users/lennertdekeukeleere/Documents/Work/Code/Geant4GarfieldDegradInterface/CMakeFiles/ALL_BUILD,
			);
			runOnlyForDeploymentPostprocessing = 0;
			shellPath = /bin/sh;
			shellScript = "make -C /Users/lennertdekeukeleere/Documents/Work/Code/Geant4GarfieldDegradInterface -f /Users/lennertdekeukeleere/Documents/Work/Code/Geant4GarfieldDegradInterface/CMakeScripts/ALL_BUILD_cmakeRulesBuildPhase.make$CONFIGURATION all";
			showEnvVarsInLog = 0;
		};
/* End PBXShellScriptBuildPhase section */

/* Begin PBXSourcesBuildPhase section */
		85BC8BA048574FA2B843A7C2 /* Sources */ = {
			isa = PBXSourcesBuildPhase;
			buildActionMask = 2147483647;
			files = (
				F8F1F7071B414C02BEF8917B /* InterfaceExample.cc in Sources */,
				128B211970D14C08A76C75FB /* DegradModel.cc in Sources */,
				27E84CAFA3D545BA835F2BDE /* DetectorConstruction.cc in Sources */,
				480E68ED064C431EBD8608A8 /* DetectorMessenger.cc in Sources */,
				4A44FB4818214C9D9052D571 /* DriftLineHit.cc in Sources */,
				B4C1C00DAD334B70AFDD40E0 /* EventAction.cc in Sources */,
				5BB7B0D6AA7B4A2482562E4E /* GarfieldExcitationHit.cc in Sources */,
				0AABD60475744A0F9A72B7B4 /* GarfieldVUVPhotonModel.cc in Sources */,
				2D7BBCB9D46349228A8EDFE6 /* GasBoxHit.cc in Sources */,
				73F6F05995C04E3E9A043E85 /* GasBoxSD.cc in Sources */,
				398EC69464F148B389E89C34 /* GasModelParameters.cc in Sources */,
				2C61EA62A7934C5AA4B83598 /* GasModelParametersMessenger.cc in Sources */,
				102B719E110548EBBCCC2445 /* HeedInterfaceModel.cc in Sources */,
				07219FBA1C564A8D9CC9982F /* HeedModel.cc in Sources */,
				C66BA11C43544619AD1E61E7 /* HeedOnlyModel.cc in Sources */,
				1582DC5DD7BD4C179249DAF3 /* MyUserActionInitialization.cc in Sources */,
				5A970E1BB930423EAFB63FDF /* PhysListEmStandard.cc in Sources */,
				CC287295E7604431846198B4 /* PhysicsList.cc in Sources */,
				86001C3E502C422F92BE6C17 /* PhysicsListMessenger.cc in Sources */,
				5393E67150A54FE3B71BCA8C /* PrimaryGeneratorAction.cc in Sources */,
				3FBEA8D828F84D3CBA61D5F8 /* RunAction.cc in Sources */,
				D835E8C03F8F468A9A82FB76 /* SteppingAction.cc in Sources */,
				832BB9F633824A57966CA521 /* XenonHit.cc in Sources */,
			);
			runOnlyForDeploymentPostprocessing = 0;
		};
/* End PBXSourcesBuildPhase section */

/* Begin PBXTargetDependency section */
		17B5A7915D8449F1854D09CF /* PBXTargetDependency */ = {
			isa = PBXTargetDependency;
			target = 96D0D71F99764BEF8D472379 /* ZERO_CHECK */;
			targetProxy = 38E4C911224E4E9086BBC896 /* PBXContainerItemProxy */;
		};
		27F6AC03A1D14C44A054495E /* PBXTargetDependency */ = {
			isa = PBXTargetDependency;
			target = 6478F33F106644198125E958 /* InterfaceExample */;
			targetProxy = 0140E52D1F314212BD325F52 /* PBXContainerItemProxy */;
		};
		48F9547FBE9B4FA89EDCBB87 /* PBXTargetDependency */ = {
			isa = PBXTargetDependency;
			target = 96D0D71F99764BEF8D472379 /* ZERO_CHECK */;
			targetProxy = 1D150541451F41F7AC6748F3 /* PBXContainerItemProxy */;
		};
		9F7848CE92634907A775A242 /* PBXTargetDependency */ = {
			isa = PBXTargetDependency;
			target = 400730C934D94D3ABA1D250A /* ALL_BUILD */;
			targetProxy = 9AD685AD7074444AA6F2BBA3 /* PBXContainerItemProxy */;
		};
/* End PBXTargetDependency section */

/* Begin XCBuildConfiguration section */
		0C07F4B793AF4612A5D44956 /* Release */ = {
			isa = XCBuildConfiguration;
			buildSettings = {
				COMBINE_HIDPI_IMAGES = YES;
				GCC_GENERATE_DEBUGGING_SYMBOLS = YES;
				GCC_INLINES_ARE_PRIVATE_EXTERN = NO;
				GCC_OPTIMIZATION_LEVEL = 0;
				GCC_PREPROCESSOR_DEFINITIONS = "'CMAKE_INTDIR=\"$(CONFIGURATION)$(EFFECTIVE_PLATFORM_NAME)\"'";
				GCC_SYMBOLS_PRIVATE_EXTERN = NO;
				HEADER_SEARCH_PATHS = (
					/Applications/root_v6.14.00/include,
					/Users/lennertdekeukeleere/Documents/Work/Code/Geant4GarfieldDegradInterface/include,
					/usr/local/src/garfield/Include,
					/usr/local/src/garfield/Heed,
				);
				INSTALL_PATH = "";
				OTHER_LDFLAGS = " ";
				OTHER_REZFLAGS = "";
				PRODUCT_NAME = ZERO_CHECK;
				SECTORDER_FLAGS = "";
				SYMROOT = /Users/lennertdekeukeleere/Documents/Work/Code/Geant4GarfieldDegradInterface;
				SYSTEM_HEADER_SEARCH_PATHS = /usr/local/geant4.10.4/include/Geant4;
				USE_HEADERMAP = NO;
				WARNING_CFLAGS = (
					"-Wmost",
					"-Wno-four-char-constants",
					"-Wno-unknown-pragmas",
					"$(inherited)",
				);
			};
			name = Release;
		};
		20AE381F8F2840C9AC0515BB /* MinSizeRel */ = {
			isa = XCBuildConfiguration;
			buildSettings = {
				COMBINE_HIDPI_IMAGES = YES;
				GCC_GENERATE_DEBUGGING_SYMBOLS = YES;
				GCC_INLINES_ARE_PRIVATE_EXTERN = NO;
				GCC_OPTIMIZATION_LEVEL = 0;
				GCC_PREPROCESSOR_DEFINITIONS = "'CMAKE_INTDIR=\"$(CONFIGURATION)$(EFFECTIVE_PLATFORM_NAME)\"'";
				GCC_SYMBOLS_PRIVATE_EXTERN = NO;
				HEADER_SEARCH_PATHS = (
					/Applications/root_v6.14.00/include,
					/Users/lennertdekeukeleere/Documents/Work/Code/Geant4GarfieldDegradInterface/include,
					/usr/local/src/garfield/Include,
					/usr/local/src/garfield/Heed,
				);
				INSTALL_PATH = "";
				OTHER_LDFLAGS = " ";
				OTHER_REZFLAGS = "";
				PRODUCT_NAME = ZERO_CHECK;
				SECTORDER_FLAGS = "";
				SYMROOT = /Users/lennertdekeukeleere/Documents/Work/Code/Geant4GarfieldDegradInterface;
				SYSTEM_HEADER_SEARCH_PATHS = /usr/local/geant4.10.4/include/Geant4;
				USE_HEADERMAP = NO;
				WARNING_CFLAGS = (
					"-Wmost",
					"-Wno-four-char-constants",
					"-Wno-unknown-pragmas",
					"$(inherited)",
				);
			};
			name = MinSizeRel;
		};
		4A95F66E758E42009051FCA8 /* Debug */ = {
			isa = XCBuildConfiguration;
			buildSettings = {
				COMBINE_HIDPI_IMAGES = YES;
				GCC_GENERATE_DEBUGGING_SYMBOLS = YES;
				GCC_INLINES_ARE_PRIVATE_EXTERN = NO;
				GCC_OPTIMIZATION_LEVEL = 0;
				GCC_PREPROCESSOR_DEFINITIONS = "'CMAKE_INTDIR=\"$(CONFIGURATION)$(EFFECTIVE_PLATFORM_NAME)\"'";
				GCC_SYMBOLS_PRIVATE_EXTERN = NO;
				HEADER_SEARCH_PATHS = (
					/Applications/root_v6.14.00/include,
					/Users/lennertdekeukeleere/Documents/Work/Code/Geant4GarfieldDegradInterface/include,
					/usr/local/src/garfield/Include,
					/usr/local/src/garfield/Heed,
				);
				INSTALL_PATH = "";
				OTHER_LDFLAGS = " ";
				OTHER_REZFLAGS = "";
				PRODUCT_NAME = ZERO_CHECK;
				SECTORDER_FLAGS = "";
				SYMROOT = /Users/lennertdekeukeleere/Documents/Work/Code/Geant4GarfieldDegradInterface;
				SYSTEM_HEADER_SEARCH_PATHS = /usr/local/geant4.10.4/include/Geant4;
				USE_HEADERMAP = NO;
				WARNING_CFLAGS = (
					"-Wmost",
					"-Wno-four-char-constants",
					"-Wno-unknown-pragmas",
					"$(inherited)",
				);
			};
			name = Debug;
		};
		59B0F092C4DE499A9C76263A /* Release */ = {
			isa = XCBuildConfiguration;
			buildSettings = {
				COMBINE_HIDPI_IMAGES = YES;
				GCC_GENERATE_DEBUGGING_SYMBOLS = YES;
				GCC_INLINES_ARE_PRIVATE_EXTERN = NO;
				GCC_OPTIMIZATION_LEVEL = 0;
				GCC_PREPROCESSOR_DEFINITIONS = "'CMAKE_INTDIR=\"$(CONFIGURATION)$(EFFECTIVE_PLATFORM_NAME)\"'";
				GCC_SYMBOLS_PRIVATE_EXTERN = NO;
				HEADER_SEARCH_PATHS = (
					/Applications/root_v6.14.00/include,
					/Users/lennertdekeukeleere/Documents/Work/Code/Geant4GarfieldDegradInterface/include,
					/usr/local/src/garfield/Include,
					/usr/local/src/garfield/Heed,
				);
				INSTALL_PATH = "";
				OTHER_LDFLAGS = " ";
				OTHER_REZFLAGS = "";
				PRODUCT_NAME = install;
				SECTORDER_FLAGS = "";
				SYMROOT = /Users/lennertdekeukeleere/Documents/Work/Code/Geant4GarfieldDegradInterface;
				SYSTEM_HEADER_SEARCH_PATHS = /usr/local/geant4.10.4/include/Geant4;
				USE_HEADERMAP = NO;
				WARNING_CFLAGS = (
					"-Wmost",
					"-Wno-four-char-constants",
					"-Wno-unknown-pragmas",
					"$(inherited)",
				);
			};
			name = Release;
		};
		7030D2E07667421385ADF27A /* Release */ = {
			isa = XCBuildConfiguration;
			buildSettings = {
				COMBINE_HIDPI_IMAGES = YES;
				EXECUTABLE_PREFIX = "";
				EXECUTABLE_SUFFIX = "";
				FRAMEWORK_SEARCH_PATHS = "/usr/local/Qt-5.9.1/lib";
				GCC_GENERATE_DEBUGGING_SYMBOLS = NO;
				GCC_INLINES_ARE_PRIVATE_EXTERN = NO;
				GCC_OPTIMIZATION_LEVEL = 3;
				GCC_PREPROCESSOR_DEFINITIONS = (
					"'CMAKE_INTDIR=\"$(CONFIGURATION)$(EFFECTIVE_PLATFORM_NAME)\"'",
					G4_STORE_TRAJECTORY,
					G4VERBOSE,
					G4UI_USE,
					G4VIS_USE,
					G4MULTITHREADED,
					G4UI_USE_TCSH,
					G4INTY_USE_XT,
					G4VIS_USE_RAYTRACERX,
					G4INTY_USE_QT,
					G4UI_USE_QT,
					G4VIS_USE_OPENGLQT,
					G4VIS_USE_OPENGLX,
					G4VIS_USE_OPENGL,
					QT_WIDGETS_LIB,
					QT_GUI_LIB,
					QT_CORE_LIB,
					QT_NO_DEBUG,
					QT_PRINTSUPPORT_LIB,
					QT_OPENGL_LIB,
				);
				GCC_SYMBOLS_PRIVATE_EXTERN = NO;
				HEADER_SEARCH_PATHS = (
					/Applications/root_v6.14.00/include,
					/Users/lennertdekeukeleere/Documents/Work/Code/Geant4GarfieldDegradInterface/include,
					/usr/local/src/garfield/Include,
					/usr/local/src/garfield/Heed,
				);
				INSTALL_PATH = "";
				LD_RUNPATH_SEARCH_PATHS = "/Applications/root_v6.14.00/lib /usr/local/src/garfield/build/lib /usr/local/geant4.10.4/lib /usr/local/Qt-5.9.1/lib";
				LIBRARY_SEARCH_PATHS = "";
				OTHER_CPLUSPLUSFLAGS = (
					"-W",
					"-Wall",
					"-pedantic",
					"-Wno-non-virtual-dtor",
					"-Wno-long-long",
					"-Wwrite-strings",
					"-Wpointer-arith",
					"-Woverloaded-virtual",
					"-Wno-variadic-macros",
					"-Wshadow",
					"-pipe",
					"-Qunused-arguments",
					"-stdlib=libc++",
					"-DG4USE_STD11",
					"-pthread",
					"-ftls-model=initial-exec",
					"-std=c++11",
					"-m64",
					"-pipe",
					"-fsigned-char",
					"-fno-common",
					"-Qunused-arguments",
					"-pthread",
					"-std=c++11",
					"-stdlib=libc++",
					"-std=c++11",
					"-DNDEBUG",
					"-fno-trapping-math",
					"-ftree-vectorize",
					"-fno-math-errno",
					"-fPIC",
					"'-std=c++11'",
				);
				OTHER_LDFLAGS = (
					"-Wl,-search_paths_first",
					"-Wl,-headerpad_max_install_names",
					/usr/local/src/garfield/build/lib/libGarfield.0.2.0.dylib,
					/usr/local/lib/libgfortran.a,
					/Applications/root_v6.14.00/lib/libCore.so,
					/Applications/root_v6.14.00/lib/libImt.so,
					/Applications/root_v6.14.00/lib/libRIO.so,
					/Applications/root_v6.14.00/lib/libNet.so,
					/Applications/root_v6.14.00/lib/libHist.so,
					/Applications/root_v6.14.00/lib/libGraf.so,
					/Applications/root_v6.14.00/lib/libGraf3d.so,
					/Applications/root_v6.14.00/lib/libGpad.so,
					/Applications/root_v6.14.00/lib/libTree.so,
					/Applications/root_v6.14.00/lib/libTreePlayer.so,
					/Applications/root_v6.14.00/lib/libRint.so,
					/Applications/root_v6.14.00/lib/libPostscript.so,
					/Applications/root_v6.14.00/lib/libMatrix.so,
					/Applications/root_v6.14.00/lib/libPhysics.so,
					/Applications/root_v6.14.00/lib/libMathCore.so,
					/Applications/root_v6.14.00/lib/libThread.so,
					/Applications/root_v6.14.00/lib/libMultiProc.so,
					/usr/local/geant4.10.4/lib/libG4Tree.dylib,
					/usr/local/geant4.10.4/lib/libG4GMocren.dylib,
					/usr/local/geant4.10.4/lib/libG4visHepRep.dylib,
					/usr/local/geant4.10.4/lib/libG4RayTracer.dylib,
					/usr/local/geant4.10.4/lib/libG4VRML.dylib,
					/usr/local/geant4.10.4/lib/libG4OpenGL.dylib,
					/usr/local/geant4.10.4/lib/libG4gl2ps.dylib,
					/usr/local/geant4.10.4/lib/libG4interfaces.dylib,
					/usr/local/geant4.10.4/lib/libG4persistency.dylib,
					/usr/local/geant4.10.4/lib/libG4error_propagation.dylib,
					/usr/local/geant4.10.4/lib/libG4readout.dylib,
					/usr/local/geant4.10.4/lib/libG4physicslists.dylib,
					/usr/local/geant4.10.4/lib/libG4parmodels.dylib,
					/usr/local/geant4.10.4/lib/libG4FR.dylib,
					/usr/local/geant4.10.4/lib/libG4vis_management.dylib,
					/usr/local/geant4.10.4/lib/libG4modeling.dylib,
					/opt/X11/lib/libSM.dylib,
					/opt/X11/lib/libICE.dylib,
					/opt/X11/lib/libX11.dylib,
					/opt/X11/lib/libXext.dylib,
					"-framework",
					OpenGL,
					/opt/X11/lib/libGL.dylib,
					/opt/X11/lib/libGLU.dylib,
					/opt/X11/lib/libXmu.dylib,
					"/usr/local/Qt-5.9.1/lib/QtOpenGL.framework/QtOpenGL",
					"/usr/local/Qt-5.9.1/lib/QtPrintSupport.framework/QtPrintSupport",
					"/usr/local/Qt-5.9.1/lib/QtWidgets.framework/QtWidgets",
					"/usr/local/Qt-5.9.1/lib/QtGui.framework/QtGui",
					"/usr/local/Qt-5.9.1/lib/QtCore.framework/QtCore",
					/usr/local/geant4.10.4/lib/libG4run.dylib,
					/usr/local/geant4.10.4/lib/libG4event.dylib,
					/usr/local/geant4.10.4/lib/libG4tracking.dylib,
					/usr/local/geant4.10.4/lib/libG4processes.dylib,
					/usr/local/geant4.10.4/lib/libG4analysis.dylib,
					/usr/local/geant4.10.4/lib/libG4zlib.dylib,
					/usr/lib/libexpat.dylib,
					/usr/local/geant4.10.4/lib/libG4digits_hits.dylib,
					/usr/local/geant4.10.4/lib/libG4track.dylib,
					/usr/local/geant4.10.4/lib/libG4particles.dylib,
					/usr/local/geant4.10.4/lib/libG4geometry.dylib,
					/usr/local/geant4.10.4/lib/libG4materials.dylib,
					/usr/local/geant4.10.4/lib/libG4graphics_reps.dylib,
					/usr/local/geant4.10.4/lib/libG4intercoms.dylib,
					/usr/local/geant4.10.4/lib/libG4global.dylib,
					/usr/local/geant4.10.4/lib/libG4clhep.dylib,
				);
				OTHER_REZFLAGS = "";
				PRODUCT_NAME = InterfaceExample;
				SECTORDER_FLAGS = "";
				SYMROOT = /Users/lennertdekeukeleere/Documents/Work/Code/Geant4GarfieldDegradInterface;
				SYSTEM_HEADER_SEARCH_PATHS = "/usr/local/geant4.10.4/include/Geant4 /usr/local/Qt-5.9.1/lib/QtWidgets.framework/Headers /usr/local/Qt-5.9.1/lib/QtGui.framework/Headers /Applications/Xcode.app/Contents/Developer/Platforms/MacOSX.platform/Developer/SDKs/MacOSX10.13.sdk/System/Library/Frameworks/OpenGL.framework/Headers /usr/local/Qt-5.9.1/lib/QtCore.framework/Headers /usr/local/Qt-5.9.1/./mkspecs/macx-clang /usr/local/Qt-5.9.1/lib/QtPrintSupport.framework/Headers /usr/local/Qt-5.9.1/lib/QtOpenGL.framework/Headers";
				USE_HEADERMAP = NO;
				WARNING_CFLAGS = (
					"-Wmost",
					"-Wno-four-char-constants",
					"-Wno-unknown-pragmas",
					"$(inherited)",
				);
			};
			name = Release;
		};
		768DCC09C4E84565BD957F73 /* MinSizeRel */ = {
			isa = XCBuildConfiguration;
			buildSettings = {
				COMBINE_HIDPI_IMAGES = YES;
				GCC_GENERATE_DEBUGGING_SYMBOLS = YES;
				GCC_INLINES_ARE_PRIVATE_EXTERN = NO;
				GCC_OPTIMIZATION_LEVEL = 0;
				GCC_PREPROCESSOR_DEFINITIONS = "'CMAKE_INTDIR=\"$(CONFIGURATION)$(EFFECTIVE_PLATFORM_NAME)\"'";
				GCC_SYMBOLS_PRIVATE_EXTERN = NO;
				HEADER_SEARCH_PATHS = (
					/Applications/root_v6.14.00/include,
					/Users/lennertdekeukeleere/Documents/Work/Code/Geant4GarfieldDegradInterface/include,
					/usr/local/src/garfield/Include,
					/usr/local/src/garfield/Heed,
				);
				INSTALL_PATH = "";
				OTHER_LDFLAGS = " ";
				OTHER_REZFLAGS = "";
				PRODUCT_NAME = install;
				SECTORDER_FLAGS = "";
				SYMROOT = /Users/lennertdekeukeleere/Documents/Work/Code/Geant4GarfieldDegradInterface;
				SYSTEM_HEADER_SEARCH_PATHS = /usr/local/geant4.10.4/include/Geant4;
				USE_HEADERMAP = NO;
				WARNING_CFLAGS = (
					"-Wmost",
					"-Wno-four-char-constants",
					"-Wno-unknown-pragmas",
					"$(inherited)",
				);
			};
			name = MinSizeRel;
		};
		7877079F73574B0EAE493E54 /* RelWithDebInfo */ = {
			isa = XCBuildConfiguration;
			buildSettings = {
				COMBINE_HIDPI_IMAGES = YES;
				GCC_GENERATE_DEBUGGING_SYMBOLS = YES;
				GCC_INLINES_ARE_PRIVATE_EXTERN = NO;
				GCC_OPTIMIZATION_LEVEL = 0;
				GCC_PREPROCESSOR_DEFINITIONS = "'CMAKE_INTDIR=\"$(CONFIGURATION)$(EFFECTIVE_PLATFORM_NAME)\"'";
				GCC_SYMBOLS_PRIVATE_EXTERN = NO;
				HEADER_SEARCH_PATHS = (
					/Applications/root_v6.14.00/include,
					/Users/lennertdekeukeleere/Documents/Work/Code/Geant4GarfieldDegradInterface/include,
					/usr/local/src/garfield/Include,
					/usr/local/src/garfield/Heed,
				);
				INSTALL_PATH = "";
				OTHER_LDFLAGS = " ";
				OTHER_REZFLAGS = "";
				PRODUCT_NAME = ZERO_CHECK;
				SECTORDER_FLAGS = "";
				SYMROOT = /Users/lennertdekeukeleere/Documents/Work/Code/Geant4GarfieldDegradInterface;
				SYSTEM_HEADER_SEARCH_PATHS = /usr/local/geant4.10.4/include/Geant4;
				USE_HEADERMAP = NO;
				WARNING_CFLAGS = (
					"-Wmost",
					"-Wno-four-char-constants",
					"-Wno-unknown-pragmas",
					"$(inherited)",
				);
			};
			name = RelWithDebInfo;
		};
		970313274B1F442BBDA4F468 /* MinSizeRel */ = {
			isa = XCBuildConfiguration;
			buildSettings = {
				COMBINE_HIDPI_IMAGES = YES;
				GCC_GENERATE_DEBUGGING_SYMBOLS = YES;
				GCC_INLINES_ARE_PRIVATE_EXTERN = NO;
				GCC_OPTIMIZATION_LEVEL = 0;
				GCC_PREPROCESSOR_DEFINITIONS = "'CMAKE_INTDIR=\"$(CONFIGURATION)$(EFFECTIVE_PLATFORM_NAME)\"'";
				GCC_SYMBOLS_PRIVATE_EXTERN = NO;
				HEADER_SEARCH_PATHS = (
					/Applications/root_v6.14.00/include,
					/Users/lennertdekeukeleere/Documents/Work/Code/Geant4GarfieldDegradInterface/include,
					/usr/local/src/garfield/Include,
					/usr/local/src/garfield/Heed,
				);
				INSTALL_PATH = "";
				OTHER_LDFLAGS = " ";
				OTHER_REZFLAGS = "";
				PRODUCT_NAME = ALL_BUILD;
				SECTORDER_FLAGS = "";
				SYMROOT = /Users/lennertdekeukeleere/Documents/Work/Code/Geant4GarfieldDegradInterface;
				SYSTEM_HEADER_SEARCH_PATHS = /usr/local/geant4.10.4/include/Geant4;
				USE_HEADERMAP = NO;
				WARNING_CFLAGS = (
					"-Wmost",
					"-Wno-four-char-constants",
					"-Wno-unknown-pragmas",
					"$(inherited)",
				);
			};
			name = MinSizeRel;
		};
		9B852308E50047D7BB1FAE81 /* Debug */ = {
			isa = XCBuildConfiguration;
			buildSettings = {
				COMBINE_HIDPI_IMAGES = YES;
				GCC_GENERATE_DEBUGGING_SYMBOLS = YES;
				GCC_INLINES_ARE_PRIVATE_EXTERN = NO;
				GCC_OPTIMIZATION_LEVEL = 0;
				GCC_PREPROCESSOR_DEFINITIONS = "'CMAKE_INTDIR=\"$(CONFIGURATION)$(EFFECTIVE_PLATFORM_NAME)\"'";
				GCC_SYMBOLS_PRIVATE_EXTERN = NO;
				HEADER_SEARCH_PATHS = (
					/Applications/root_v6.14.00/include,
					/Users/lennertdekeukeleere/Documents/Work/Code/Geant4GarfieldDegradInterface/include,
					/usr/local/src/garfield/Include,
					/usr/local/src/garfield/Heed,
				);
				INSTALL_PATH = "";
				OTHER_LDFLAGS = " ";
				OTHER_REZFLAGS = "";
				PRODUCT_NAME = ALL_BUILD;
				SECTORDER_FLAGS = "";
				SYMROOT = /Users/lennertdekeukeleere/Documents/Work/Code/Geant4GarfieldDegradInterface;
				SYSTEM_HEADER_SEARCH_PATHS = /usr/local/geant4.10.4/include/Geant4;
				USE_HEADERMAP = NO;
				WARNING_CFLAGS = (
					"-Wmost",
					"-Wno-four-char-constants",
					"-Wno-unknown-pragmas",
					"$(inherited)",
				);
			};
			name = Debug;
		};
		A0BA2B71D9D945F388D30498 /* Release */ = {
			isa = XCBuildConfiguration;
			buildSettings = {
				ONLY_ACTIVE_ARCH = YES;
				SDKROOT = /Applications/Xcode.app/Contents/Developer/Platforms/MacOSX.platform/Developer/SDKs/MacOSX10.13.sdk;
				SYMROOT = /Users/lennertdekeukeleere/Documents/Work/Code/Geant4GarfieldDegradInterface/build;
			};
			name = Release;
		};
		A2A650E76AE04417BB2C819D /* RelWithDebInfo */ = {
			isa = XCBuildConfiguration;
			buildSettings = {
				COMBINE_HIDPI_IMAGES = YES;
				GCC_GENERATE_DEBUGGING_SYMBOLS = YES;
				GCC_INLINES_ARE_PRIVATE_EXTERN = NO;
				GCC_OPTIMIZATION_LEVEL = 0;
				GCC_PREPROCESSOR_DEFINITIONS = "'CMAKE_INTDIR=\"$(CONFIGURATION)$(EFFECTIVE_PLATFORM_NAME)\"'";
				GCC_SYMBOLS_PRIVATE_EXTERN = NO;
				HEADER_SEARCH_PATHS = (
					/Applications/root_v6.14.00/include,
					/Users/lennertdekeukeleere/Documents/Work/Code/Geant4GarfieldDegradInterface/include,
					/usr/local/src/garfield/Include,
					/usr/local/src/garfield/Heed,
				);
				INSTALL_PATH = "";
				OTHER_LDFLAGS = " ";
				OTHER_REZFLAGS = "";
				PRODUCT_NAME = ALL_BUILD;
				SECTORDER_FLAGS = "";
				SYMROOT = /Users/lennertdekeukeleere/Documents/Work/Code/Geant4GarfieldDegradInterface;
				SYSTEM_HEADER_SEARCH_PATHS = /usr/local/geant4.10.4/include/Geant4;
				USE_HEADERMAP = NO;
				WARNING_CFLAGS = (
					"-Wmost",
					"-Wno-four-char-constants",
					"-Wno-unknown-pragmas",
					"$(inherited)",
				);
			};
			name = RelWithDebInfo;
		};
		AE8C32AE7E594908AE0651E5 /* Debug */ = {
			isa = XCBuildConfiguration;
			buildSettings = {
				ONLY_ACTIVE_ARCH = YES;
				SDKROOT = /Applications/Xcode.app/Contents/Developer/Platforms/MacOSX.platform/Developer/SDKs/MacOSX10.13.sdk;
				SYMROOT = /Users/lennertdekeukeleere/Documents/Work/Code/Geant4GarfieldDegradInterface/build;
			};
			name = Debug;
		};
		B81E3C081552402FBAFBBA3E /* RelWithDebInfo */ = {
			isa = XCBuildConfiguration;
			buildSettings = {
				COMBINE_HIDPI_IMAGES = YES;
				EXECUTABLE_PREFIX = "";
				EXECUTABLE_SUFFIX = "";
				FRAMEWORK_SEARCH_PATHS = "/usr/local/Qt-5.9.1/lib";
				GCC_GENERATE_DEBUGGING_SYMBOLS = YES;
				GCC_INLINES_ARE_PRIVATE_EXTERN = NO;
				GCC_OPTIMIZATION_LEVEL = 2;
				GCC_PREPROCESSOR_DEFINITIONS = (
					"'CMAKE_INTDIR=\"$(CONFIGURATION)$(EFFECTIVE_PLATFORM_NAME)\"'",
					G4_STORE_TRAJECTORY,
					G4VERBOSE,
					G4UI_USE,
					G4VIS_USE,
					G4MULTITHREADED,
					G4UI_USE_TCSH,
					G4INTY_USE_XT,
					G4VIS_USE_RAYTRACERX,
					G4INTY_USE_QT,
					G4UI_USE_QT,
					G4VIS_USE_OPENGLQT,
					G4VIS_USE_OPENGLX,
					G4VIS_USE_OPENGL,
					QT_WIDGETS_LIB,
					QT_GUI_LIB,
					QT_CORE_LIB,
					QT_NO_DEBUG,
					QT_PRINTSUPPORT_LIB,
					QT_OPENGL_LIB,
				);
				GCC_SYMBOLS_PRIVATE_EXTERN = NO;
				HEADER_SEARCH_PATHS = (
					/Applications/root_v6.14.00/include,
					/Users/lennertdekeukeleere/Documents/Work/Code/Geant4GarfieldDegradInterface/include,
					/usr/local/src/garfield/Include,
					/usr/local/src/garfield/Heed,
				);
				INSTALL_PATH = "";
				LD_RUNPATH_SEARCH_PATHS = "/Applications/root_v6.14.00/lib /usr/local/src/garfield/build/lib /usr/local/geant4.10.4/lib /usr/local/Qt-5.9.1/lib";
				LIBRARY_SEARCH_PATHS = "";
				OTHER_CPLUSPLUSFLAGS = (
					"-W",
					"-Wall",
					"-pedantic",
					"-Wno-non-virtual-dtor",
					"-Wno-long-long",
					"-Wwrite-strings",
					"-Wpointer-arith",
					"-Woverloaded-virtual",
					"-Wno-variadic-macros",
					"-Wshadow",
					"-pipe",
					"-Qunused-arguments",
					"-stdlib=libc++",
					"-DG4USE_STD11",
					"-pthread",
					"-ftls-model=initial-exec",
					"-std=c++11",
					"-m64",
					"-pipe",
					"-fsigned-char",
					"-fno-common",
					"-Qunused-arguments",
					"-pthread",
					"-std=c++11",
					"-stdlib=libc++",
					"-std=c++11",
					"-fPIC",
					"'-std=c++11'",
				);
				OTHER_LDFLAGS = (
					"-Wl,-search_paths_first",
					"-Wl,-headerpad_max_install_names",
					/usr/local/src/garfield/build/lib/libGarfield.0.2.0.dylib,
					/usr/local/lib/libgfortran.a,
					/Applications/root_v6.14.00/lib/libCore.so,
					/Applications/root_v6.14.00/lib/libImt.so,
					/Applications/root_v6.14.00/lib/libRIO.so,
					/Applications/root_v6.14.00/lib/libNet.so,
					/Applications/root_v6.14.00/lib/libHist.so,
					/Applications/root_v6.14.00/lib/libGraf.so,
					/Applications/root_v6.14.00/lib/libGraf3d.so,
					/Applications/root_v6.14.00/lib/libGpad.so,
					/Applications/root_v6.14.00/lib/libTree.so,
					/Applications/root_v6.14.00/lib/libTreePlayer.so,
					/Applications/root_v6.14.00/lib/libRint.so,
					/Applications/root_v6.14.00/lib/libPostscript.so,
					/Applications/root_v6.14.00/lib/libMatrix.so,
					/Applications/root_v6.14.00/lib/libPhysics.so,
					/Applications/root_v6.14.00/lib/libMathCore.so,
					/Applications/root_v6.14.00/lib/libThread.so,
					/Applications/root_v6.14.00/lib/libMultiProc.so,
					/usr/local/geant4.10.4/lib/libG4Tree.dylib,
					/usr/local/geant4.10.4/lib/libG4GMocren.dylib,
					/usr/local/geant4.10.4/lib/libG4visHepRep.dylib,
					/usr/local/geant4.10.4/lib/libG4RayTracer.dylib,
					/usr/local/geant4.10.4/lib/libG4VRML.dylib,
					/usr/local/geant4.10.4/lib/libG4OpenGL.dylib,
					/usr/local/geant4.10.4/lib/libG4gl2ps.dylib,
					/usr/local/geant4.10.4/lib/libG4interfaces.dylib,
					/usr/local/geant4.10.4/lib/libG4persistency.dylib,
					/usr/local/geant4.10.4/lib/libG4error_propagation.dylib,
					/usr/local/geant4.10.4/lib/libG4readout.dylib,
					/usr/local/geant4.10.4/lib/libG4physicslists.dylib,
					/usr/local/geant4.10.4/lib/libG4parmodels.dylib,
					/usr/local/geant4.10.4/lib/libG4FR.dylib,
					/usr/local/geant4.10.4/lib/libG4vis_management.dylib,
					/usr/local/geant4.10.4/lib/libG4modeling.dylib,
					/opt/X11/lib/libSM.dylib,
					/opt/X11/lib/libICE.dylib,
					/opt/X11/lib/libX11.dylib,
					/opt/X11/lib/libXext.dylib,
					"-framework",
					OpenGL,
					/opt/X11/lib/libGL.dylib,
					/opt/X11/lib/libGLU.dylib,
					/opt/X11/lib/libXmu.dylib,
					"/usr/local/Qt-5.9.1/lib/QtOpenGL.framework/QtOpenGL",
					"/usr/local/Qt-5.9.1/lib/QtPrintSupport.framework/QtPrintSupport",
					"/usr/local/Qt-5.9.1/lib/QtWidgets.framework/QtWidgets",
					"/usr/local/Qt-5.9.1/lib/QtGui.framework/QtGui",
					"/usr/local/Qt-5.9.1/lib/QtCore.framework/QtCore",
					/usr/local/geant4.10.4/lib/libG4run.dylib,
					/usr/local/geant4.10.4/lib/libG4event.dylib,
					/usr/local/geant4.10.4/lib/libG4tracking.dylib,
					/usr/local/geant4.10.4/lib/libG4processes.dylib,
					/usr/local/geant4.10.4/lib/libG4analysis.dylib,
					/usr/local/geant4.10.4/lib/libG4zlib.dylib,
					/usr/lib/libexpat.dylib,
					/usr/local/geant4.10.4/lib/libG4digits_hits.dylib,
					/usr/local/geant4.10.4/lib/libG4track.dylib,
					/usr/local/geant4.10.4/lib/libG4particles.dylib,
					/usr/local/geant4.10.4/lib/libG4geometry.dylib,
					/usr/local/geant4.10.4/lib/libG4materials.dylib,
					/usr/local/geant4.10.4/lib/libG4graphics_reps.dylib,
					/usr/local/geant4.10.4/lib/libG4intercoms.dylib,
					/usr/local/geant4.10.4/lib/libG4global.dylib,
					/usr/local/geant4.10.4/lib/libG4clhep.dylib,
				);
				OTHER_REZFLAGS = "";
				PRODUCT_NAME = InterfaceExample;
				SECTORDER_FLAGS = "";
				SYMROOT = /Users/lennertdekeukeleere/Documents/Work/Code/Geant4GarfieldDegradInterface;
				SYSTEM_HEADER_SEARCH_PATHS = "/usr/local/geant4.10.4/include/Geant4 /usr/local/Qt-5.9.1/lib/QtWidgets.framework/Headers /usr/local/Qt-5.9.1/lib/QtGui.framework/Headers /Applications/Xcode.app/Contents/Developer/Platforms/MacOSX.platform/Developer/SDKs/MacOSX10.13.sdk/System/Library/Frameworks/OpenGL.framework/Headers /usr/local/Qt-5.9.1/lib/QtCore.framework/Headers /usr/local/Qt-5.9.1/./mkspecs/macx-clang /usr/local/Qt-5.9.1/lib/QtPrintSupport.framework/Headers /usr/local/Qt-5.9.1/lib/QtOpenGL.framework/Headers";
				USE_HEADERMAP = NO;
				WARNING_CFLAGS = (
					"-Wmost",
					"-Wno-four-char-constants",
					"-Wno-unknown-pragmas",
					"$(inherited)",
				);
			};
			name = RelWithDebInfo;
		};
		B9374BA0C1C2421BAC1DC35B /* MinSizeRel */ = {
			isa = XCBuildConfiguration;
			buildSettings = {
				ONLY_ACTIVE_ARCH = YES;
				SDKROOT = /Applications/Xcode.app/Contents/Developer/Platforms/MacOSX.platform/Developer/SDKs/MacOSX10.13.sdk;
				SYMROOT = /Users/lennertdekeukeleere/Documents/Work/Code/Geant4GarfieldDegradInterface/build;
			};
			name = MinSizeRel;
		};
		BC1233A41718435AA46C8A3B /* Release */ = {
			isa = XCBuildConfiguration;
			buildSettings = {
				COMBINE_HIDPI_IMAGES = YES;
				GCC_GENERATE_DEBUGGING_SYMBOLS = YES;
				GCC_INLINES_ARE_PRIVATE_EXTERN = NO;
				GCC_OPTIMIZATION_LEVEL = 0;
				GCC_PREPROCESSOR_DEFINITIONS = "'CMAKE_INTDIR=\"$(CONFIGURATION)$(EFFECTIVE_PLATFORM_NAME)\"'";
				GCC_SYMBOLS_PRIVATE_EXTERN = NO;
				HEADER_SEARCH_PATHS = (
					/Applications/root_v6.14.00/include,
					/Users/lennertdekeukeleere/Documents/Work/Code/Geant4GarfieldDegradInterface/include,
					/usr/local/src/garfield/Include,
					/usr/local/src/garfield/Heed,
				);
				INSTALL_PATH = "";
				OTHER_LDFLAGS = " ";
				OTHER_REZFLAGS = "";
				PRODUCT_NAME = ALL_BUILD;
				SECTORDER_FLAGS = "";
				SYMROOT = /Users/lennertdekeukeleere/Documents/Work/Code/Geant4GarfieldDegradInterface;
				SYSTEM_HEADER_SEARCH_PATHS = /usr/local/geant4.10.4/include/Geant4;
				USE_HEADERMAP = NO;
				WARNING_CFLAGS = (
					"-Wmost",
					"-Wno-four-char-constants",
					"-Wno-unknown-pragmas",
					"$(inherited)",
				);
			};
			name = Release;
		};
		C4B40AE1BE1C4921B96837C5 /* MinSizeRel */ = {
			isa = XCBuildConfiguration;
			buildSettings = {
				COMBINE_HIDPI_IMAGES = YES;
				EXECUTABLE_PREFIX = "";
				EXECUTABLE_SUFFIX = "";
				FRAMEWORK_SEARCH_PATHS = "/usr/local/Qt-5.9.1/lib";
				GCC_GENERATE_DEBUGGING_SYMBOLS = NO;
				GCC_INLINES_ARE_PRIVATE_EXTERN = NO;
				GCC_OPTIMIZATION_LEVEL = s;
				GCC_PREPROCESSOR_DEFINITIONS = (
					"'CMAKE_INTDIR=\"$(CONFIGURATION)$(EFFECTIVE_PLATFORM_NAME)\"'",
					G4_STORE_TRAJECTORY,
					G4VERBOSE,
					G4UI_USE,
					G4VIS_USE,
					G4MULTITHREADED,
					G4UI_USE_TCSH,
					G4INTY_USE_XT,
					G4VIS_USE_RAYTRACERX,
					G4INTY_USE_QT,
					G4UI_USE_QT,
					G4VIS_USE_OPENGLQT,
					G4VIS_USE_OPENGLX,
					G4VIS_USE_OPENGL,
					QT_WIDGETS_LIB,
					QT_GUI_LIB,
					QT_CORE_LIB,
					QT_NO_DEBUG,
					QT_PRINTSUPPORT_LIB,
					QT_OPENGL_LIB,
				);
				GCC_SYMBOLS_PRIVATE_EXTERN = NO;
				HEADER_SEARCH_PATHS = (
					/Applications/root_v6.14.00/include,
					/Users/lennertdekeukeleere/Documents/Work/Code/Geant4GarfieldDegradInterface/include,
					/usr/local/src/garfield/Include,
					/usr/local/src/garfield/Heed,
				);
				INSTALL_PATH = "";
				LD_RUNPATH_SEARCH_PATHS = "/Applications/root_v6.14.00/lib /usr/local/src/garfield/build/lib /usr/local/geant4.10.4/lib /usr/local/Qt-5.9.1/lib";
				LIBRARY_SEARCH_PATHS = "";
				OTHER_CPLUSPLUSFLAGS = (
					"-W",
					"-Wall",
					"-pedantic",
					"-Wno-non-virtual-dtor",
					"-Wno-long-long",
					"-Wwrite-strings",
					"-Wpointer-arith",
					"-Woverloaded-virtual",
					"-Wno-variadic-macros",
					"-Wshadow",
					"-pipe",
					"-Qunused-arguments",
					"-stdlib=libc++",
					"-DG4USE_STD11",
					"-pthread",
					"-ftls-model=initial-exec",
					"-std=c++11",
					"-m64",
					"-pipe",
					"-fsigned-char",
					"-fno-common",
					"-Qunused-arguments",
					"-pthread",
					"-std=c++11",
					"-stdlib=libc++",
					"-std=c++11",
					"-DNDEBUG",
					"-fPIC",
					"'-std=c++11'",
				);
				OTHER_LDFLAGS = (
					"-Wl,-search_paths_first",
					"-Wl,-headerpad_max_install_names",
					/usr/local/src/garfield/build/lib/libGarfield.0.2.0.dylib,
					/usr/local/lib/libgfortran.a,
					/Applications/root_v6.14.00/lib/libCore.so,
					/Applications/root_v6.14.00/lib/libImt.so,
					/Applications/root_v6.14.00/lib/libRIO.so,
					/Applications/root_v6.14.00/lib/libNet.so,
					/Applications/root_v6.14.00/lib/libHist.so,
					/Applications/root_v6.14.00/lib/libGraf.so,
					/Applications/root_v6.14.00/lib/libGraf3d.so,
					/Applications/root_v6.14.00/lib/libGpad.so,
					/Applications/root_v6.14.00/lib/libTree.so,
					/Applications/root_v6.14.00/lib/libTreePlayer.so,
					/Applications/root_v6.14.00/lib/libRint.so,
					/Applications/root_v6.14.00/lib/libPostscript.so,
					/Applications/root_v6.14.00/lib/libMatrix.so,
					/Applications/root_v6.14.00/lib/libPhysics.so,
					/Applications/root_v6.14.00/lib/libMathCore.so,
					/Applications/root_v6.14.00/lib/libThread.so,
					/Applications/root_v6.14.00/lib/libMultiProc.so,
					/usr/local/geant4.10.4/lib/libG4Tree.dylib,
					/usr/local/geant4.10.4/lib/libG4GMocren.dylib,
					/usr/local/geant4.10.4/lib/libG4visHepRep.dylib,
					/usr/local/geant4.10.4/lib/libG4RayTracer.dylib,
					/usr/local/geant4.10.4/lib/libG4VRML.dylib,
					/usr/local/geant4.10.4/lib/libG4OpenGL.dylib,
					/usr/local/geant4.10.4/lib/libG4gl2ps.dylib,
					/usr/local/geant4.10.4/lib/libG4interfaces.dylib,
					/usr/local/geant4.10.4/lib/libG4persistency.dylib,
					/usr/local/geant4.10.4/lib/libG4error_propagation.dylib,
					/usr/local/geant4.10.4/lib/libG4readout.dylib,
					/usr/local/geant4.10.4/lib/libG4physicslists.dylib,
					/usr/local/geant4.10.4/lib/libG4parmodels.dylib,
					/usr/local/geant4.10.4/lib/libG4FR.dylib,
					/usr/local/geant4.10.4/lib/libG4vis_management.dylib,
					/usr/local/geant4.10.4/lib/libG4modeling.dylib,
					/opt/X11/lib/libSM.dylib,
					/opt/X11/lib/libICE.dylib,
					/opt/X11/lib/libX11.dylib,
					/opt/X11/lib/libXext.dylib,
					"-framework",
					OpenGL,
					/opt/X11/lib/libGL.dylib,
					/opt/X11/lib/libGLU.dylib,
					/opt/X11/lib/libXmu.dylib,
					"/usr/local/Qt-5.9.1/lib/QtOpenGL.framework/QtOpenGL",
					"/usr/local/Qt-5.9.1/lib/QtPrintSupport.framework/QtPrintSupport",
					"/usr/local/Qt-5.9.1/lib/QtWidgets.framework/QtWidgets",
					"/usr/local/Qt-5.9.1/lib/QtGui.framework/QtGui",
					"/usr/local/Qt-5.9.1/lib/QtCore.framework/QtCore",
					/usr/local/geant4.10.4/lib/libG4run.dylib,
					/usr/local/geant4.10.4/lib/libG4event.dylib,
					/usr/local/geant4.10.4/lib/libG4tracking.dylib,
					/usr/local/geant4.10.4/lib/libG4processes.dylib,
					/usr/local/geant4.10.4/lib/libG4analysis.dylib,
					/usr/local/geant4.10.4/lib/libG4zlib.dylib,
					/usr/lib/libexpat.dylib,
					/usr/local/geant4.10.4/lib/libG4digits_hits.dylib,
					/usr/local/geant4.10.4/lib/libG4track.dylib,
					/usr/local/geant4.10.4/lib/libG4particles.dylib,
					/usr/local/geant4.10.4/lib/libG4geometry.dylib,
					/usr/local/geant4.10.4/lib/libG4materials.dylib,
					/usr/local/geant4.10.4/lib/libG4graphics_reps.dylib,
					/usr/local/geant4.10.4/lib/libG4intercoms.dylib,
					/usr/local/geant4.10.4/lib/libG4global.dylib,
					/usr/local/geant4.10.4/lib/libG4clhep.dylib,
				);
				OTHER_REZFLAGS = "";
				PRODUCT_NAME = InterfaceExample;
				SECTORDER_FLAGS = "";
				SYMROOT = /Users/lennertdekeukeleere/Documents/Work/Code/Geant4GarfieldDegradInterface;
				SYSTEM_HEADER_SEARCH_PATHS = "/usr/local/geant4.10.4/include/Geant4 /usr/local/Qt-5.9.1/lib/QtWidgets.framework/Headers /usr/local/Qt-5.9.1/lib/QtGui.framework/Headers /Applications/Xcode.app/Contents/Developer/Platforms/MacOSX.platform/Developer/SDKs/MacOSX10.13.sdk/System/Library/Frameworks/OpenGL.framework/Headers /usr/local/Qt-5.9.1/lib/QtCore.framework/Headers /usr/local/Qt-5.9.1/./mkspecs/macx-clang /usr/local/Qt-5.9.1/lib/QtPrintSupport.framework/Headers /usr/local/Qt-5.9.1/lib/QtOpenGL.framework/Headers";
				USE_HEADERMAP = NO;
				WARNING_CFLAGS = (
					"-Wmost",
					"-Wno-four-char-constants",
					"-Wno-unknown-pragmas",
					"$(inherited)",
				);
			};
			name = MinSizeRel;
		};
		CA37C3CD086C4E6B8C6961C9 /* RelWithDebInfo */ = {
			isa = XCBuildConfiguration;
			buildSettings = {
				COMBINE_HIDPI_IMAGES = YES;
				GCC_GENERATE_DEBUGGING_SYMBOLS = YES;
				GCC_INLINES_ARE_PRIVATE_EXTERN = NO;
				GCC_OPTIMIZATION_LEVEL = 0;
				GCC_PREPROCESSOR_DEFINITIONS = "'CMAKE_INTDIR=\"$(CONFIGURATION)$(EFFECTIVE_PLATFORM_NAME)\"'";
				GCC_SYMBOLS_PRIVATE_EXTERN = NO;
				HEADER_SEARCH_PATHS = (
					/Applications/root_v6.14.00/include,
					/Users/lennertdekeukeleere/Documents/Work/Code/Geant4GarfieldDegradInterface/include,
					/usr/local/src/garfield/Include,
					/usr/local/src/garfield/Heed,
				);
				INSTALL_PATH = "";
				OTHER_LDFLAGS = " ";
				OTHER_REZFLAGS = "";
				PRODUCT_NAME = install;
				SECTORDER_FLAGS = "";
				SYMROOT = /Users/lennertdekeukeleere/Documents/Work/Code/Geant4GarfieldDegradInterface;
				SYSTEM_HEADER_SEARCH_PATHS = /usr/local/geant4.10.4/include/Geant4;
				USE_HEADERMAP = NO;
				WARNING_CFLAGS = (
					"-Wmost",
					"-Wno-four-char-constants",
					"-Wno-unknown-pragmas",
					"$(inherited)",
				);
			};
			name = RelWithDebInfo;
		};
		D4F042D5D9A2446E875F5DF8 /* Debug */ = {
			isa = XCBuildConfiguration;
			buildSettings = {
				COMBINE_HIDPI_IMAGES = YES;
				EXECUTABLE_PREFIX = "";
				EXECUTABLE_SUFFIX = "";
				FRAMEWORK_SEARCH_PATHS = "/usr/local/Qt-5.9.1/lib";
				GCC_GENERATE_DEBUGGING_SYMBOLS = YES;
				GCC_INLINES_ARE_PRIVATE_EXTERN = NO;
				GCC_OPTIMIZATION_LEVEL = 0;
				GCC_PREPROCESSOR_DEFINITIONS = (
					"'CMAKE_INTDIR=\"$(CONFIGURATION)$(EFFECTIVE_PLATFORM_NAME)\"'",
					G4_STORE_TRAJECTORY,
					G4VERBOSE,
					G4UI_USE,
					G4VIS_USE,
					G4MULTITHREADED,
					G4UI_USE_TCSH,
					G4INTY_USE_XT,
					G4VIS_USE_RAYTRACERX,
					G4INTY_USE_QT,
					G4UI_USE_QT,
					G4VIS_USE_OPENGLQT,
					G4VIS_USE_OPENGLX,
					G4VIS_USE_OPENGL,
					QT_WIDGETS_LIB,
					QT_GUI_LIB,
					QT_CORE_LIB,
					QT_PRINTSUPPORT_LIB,
					QT_OPENGL_LIB,
				);
				GCC_SYMBOLS_PRIVATE_EXTERN = NO;
				HEADER_SEARCH_PATHS = (
					/Applications/root_v6.14.00/include,
					/Users/lennertdekeukeleere/Documents/Work/Code/Geant4GarfieldDegradInterface/include,
					/usr/local/src/garfield/Include,
					/usr/local/src/garfield/Heed,
				);
				INSTALL_PATH = "";
				LD_RUNPATH_SEARCH_PATHS = "/Applications/root_v6.14.00/lib /usr/local/src/garfield/build/lib /usr/local/geant4.10.4/lib /usr/local/Qt-5.9.1/lib";
				LIBRARY_SEARCH_PATHS = "";
				OTHER_CPLUSPLUSFLAGS = (
					"-W",
					"-Wall",
					"-pedantic",
					"-Wno-non-virtual-dtor",
					"-Wno-long-long",
					"-Wwrite-strings",
					"-Wpointer-arith",
					"-Woverloaded-virtual",
					"-Wno-variadic-macros",
					"-Wshadow",
					"-pipe",
					"-Qunused-arguments",
					"-stdlib=libc++",
					"-DG4USE_STD11",
					"-pthread",
					"-ftls-model=initial-exec",
					"-std=c++11",
					"-m64",
					"-pipe",
					"-fsigned-char",
					"-fno-common",
					"-Qunused-arguments",
					"-pthread",
					"-std=c++11",
					"-stdlib=libc++",
					"-std=c++11",
					"-DG4FPE_DEBUG",
					"-fPIC",
					"'-std=c++11'",
				);
				OTHER_LDFLAGS = (
					"-Wl,-search_paths_first",
					"-Wl,-headerpad_max_install_names",
					/usr/local/src/garfield/build/lib/libGarfield.0.2.0.dylib,
					/usr/local/lib/libgfortran.a,
					/Applications/root_v6.14.00/lib/libCore.so,
					/Applications/root_v6.14.00/lib/libImt.so,
					/Applications/root_v6.14.00/lib/libRIO.so,
					/Applications/root_v6.14.00/lib/libNet.so,
					/Applications/root_v6.14.00/lib/libHist.so,
					/Applications/root_v6.14.00/lib/libGraf.so,
					/Applications/root_v6.14.00/lib/libGraf3d.so,
					/Applications/root_v6.14.00/lib/libGpad.so,
					/Applications/root_v6.14.00/lib/libTree.so,
					/Applications/root_v6.14.00/lib/libTreePlayer.so,
					/Applications/root_v6.14.00/lib/libRint.so,
					/Applications/root_v6.14.00/lib/libPostscript.so,
					/Applications/root_v6.14.00/lib/libMatrix.so,
					/Applications/root_v6.14.00/lib/libPhysics.so,
					/Applications/root_v6.14.00/lib/libMathCore.so,
					/Applications/root_v6.14.00/lib/libThread.so,
					/Applications/root_v6.14.00/lib/libMultiProc.so,
					/usr/local/geant4.10.4/lib/libG4Tree.dylib,
					/usr/local/geant4.10.4/lib/libG4GMocren.dylib,
					/usr/local/geant4.10.4/lib/libG4visHepRep.dylib,
					/usr/local/geant4.10.4/lib/libG4RayTracer.dylib,
					/usr/local/geant4.10.4/lib/libG4VRML.dylib,
					/usr/local/geant4.10.4/lib/libG4OpenGL.dylib,
					/usr/local/geant4.10.4/lib/libG4gl2ps.dylib,
					/usr/local/geant4.10.4/lib/libG4interfaces.dylib,
					/usr/local/geant4.10.4/lib/libG4persistency.dylib,
					/usr/local/geant4.10.4/lib/libG4error_propagation.dylib,
					/usr/local/geant4.10.4/lib/libG4readout.dylib,
					/usr/local/geant4.10.4/lib/libG4physicslists.dylib,
					/usr/local/geant4.10.4/lib/libG4parmodels.dylib,
					/usr/local/geant4.10.4/lib/libG4FR.dylib,
					/usr/local/geant4.10.4/lib/libG4vis_management.dylib,
					/usr/local/geant4.10.4/lib/libG4modeling.dylib,
					/opt/X11/lib/libSM.dylib,
					/opt/X11/lib/libICE.dylib,
					/opt/X11/lib/libX11.dylib,
					/opt/X11/lib/libXext.dylib,
					"-framework",
					OpenGL,
					/opt/X11/lib/libGL.dylib,
					/opt/X11/lib/libGLU.dylib,
					/opt/X11/lib/libXmu.dylib,
					"/usr/local/Qt-5.9.1/lib/QtOpenGL.framework/QtOpenGL",
					"/usr/local/Qt-5.9.1/lib/QtPrintSupport.framework/QtPrintSupport",
					"/usr/local/Qt-5.9.1/lib/QtWidgets.framework/QtWidgets",
					"/usr/local/Qt-5.9.1/lib/QtGui.framework/QtGui",
					"/usr/local/Qt-5.9.1/lib/QtCore.framework/QtCore",
					/usr/local/geant4.10.4/lib/libG4run.dylib,
					/usr/local/geant4.10.4/lib/libG4event.dylib,
					/usr/local/geant4.10.4/lib/libG4tracking.dylib,
					/usr/local/geant4.10.4/lib/libG4processes.dylib,
					/usr/local/geant4.10.4/lib/libG4analysis.dylib,
					/usr/local/geant4.10.4/lib/libG4zlib.dylib,
					/usr/lib/libexpat.dylib,
					/usr/local/geant4.10.4/lib/libG4digits_hits.dylib,
					/usr/local/geant4.10.4/lib/libG4track.dylib,
					/usr/local/geant4.10.4/lib/libG4particles.dylib,
					/usr/local/geant4.10.4/lib/libG4geometry.dylib,
					/usr/local/geant4.10.4/lib/libG4materials.dylib,
					/usr/local/geant4.10.4/lib/libG4graphics_reps.dylib,
					/usr/local/geant4.10.4/lib/libG4intercoms.dylib,
					/usr/local/geant4.10.4/lib/libG4global.dylib,
					/usr/local/geant4.10.4/lib/libG4clhep.dylib,
				);
				OTHER_REZFLAGS = "";
				PRODUCT_NAME = InterfaceExample;
				SECTORDER_FLAGS = "";
				SYMROOT = /Users/lennertdekeukeleere/Documents/Work/Code/Geant4GarfieldDegradInterface;
				SYSTEM_HEADER_SEARCH_PATHS = "/usr/local/geant4.10.4/include/Geant4 /usr/local/Qt-5.9.1/lib/QtWidgets.framework/Headers /usr/local/Qt-5.9.1/lib/QtGui.framework/Headers /Applications/Xcode.app/Contents/Developer/Platforms/MacOSX.platform/Developer/SDKs/MacOSX10.13.sdk/System/Library/Frameworks/OpenGL.framework/Headers /usr/local/Qt-5.9.1/lib/QtCore.framework/Headers /usr/local/Qt-5.9.1/./mkspecs/macx-clang /usr/local/Qt-5.9.1/lib/QtPrintSupport.framework/Headers /usr/local/Qt-5.9.1/lib/QtOpenGL.framework/Headers";
				USE_HEADERMAP = NO;
				WARNING_CFLAGS = (
					"-Wmost",
					"-Wno-four-char-constants",
					"-Wno-unknown-pragmas",
					"$(inherited)",
				);
			};
			name = Debug;
		};
		D75D93EF45074928BC8303DA /* Debug */ = {
			isa = XCBuildConfiguration;
			buildSettings = {
				COMBINE_HIDPI_IMAGES = YES;
				GCC_GENERATE_DEBUGGING_SYMBOLS = YES;
				GCC_INLINES_ARE_PRIVATE_EXTERN = NO;
				GCC_OPTIMIZATION_LEVEL = 0;
				GCC_PREPROCESSOR_DEFINITIONS = "'CMAKE_INTDIR=\"$(CONFIGURATION)$(EFFECTIVE_PLATFORM_NAME)\"'";
				GCC_SYMBOLS_PRIVATE_EXTERN = NO;
				HEADER_SEARCH_PATHS = (
					/Applications/root_v6.14.00/include,
					/Users/lennertdekeukeleere/Documents/Work/Code/Geant4GarfieldDegradInterface/include,
					/usr/local/src/garfield/Include,
					/usr/local/src/garfield/Heed,
				);
				INSTALL_PATH = "";
				OTHER_LDFLAGS = " ";
				OTHER_REZFLAGS = "";
				PRODUCT_NAME = install;
				SECTORDER_FLAGS = "";
				SYMROOT = /Users/lennertdekeukeleere/Documents/Work/Code/Geant4GarfieldDegradInterface;
				SYSTEM_HEADER_SEARCH_PATHS = /usr/local/geant4.10.4/include/Geant4;
				USE_HEADERMAP = NO;
				WARNING_CFLAGS = (
					"-Wmost",
					"-Wno-four-char-constants",
					"-Wno-unknown-pragmas",
					"$(inherited)",
				);
			};
			name = Debug;
		};
		D91DB1D6EFF54075821E367D /* RelWithDebInfo */ = {
			isa = XCBuildConfiguration;
			buildSettings = {
				ONLY_ACTIVE_ARCH = YES;
				SDKROOT = /Applications/Xcode.app/Contents/Developer/Platforms/MacOSX.platform/Developer/SDKs/MacOSX10.13.sdk;
				SYMROOT = /Users/lennertdekeukeleere/Documents/Work/Code/Geant4GarfieldDegradInterface/build;
			};
			name = RelWithDebInfo;
		};
/* End XCBuildConfiguration section */

/* Begin XCConfigurationList section */
		0B81B79A12D8473794A6BCD5 /* Build configuration list for PBXAggregateTarget "install" */ = {
			isa = XCConfigurationList;
			buildConfigurations = (
				D75D93EF45074928BC8303DA /* Debug */,
				59B0F092C4DE499A9C76263A /* Release */,
				768DCC09C4E84565BD957F73 /* MinSizeRel */,
				CA37C3CD086C4E6B8C6961C9 /* RelWithDebInfo */,
			);
			defaultConfigurationIsVisible = 0;
			defaultConfigurationName = Debug;
		};
		22274047644242E58B35DF7D /* Build configuration list for PBXAggregateTarget "ALL_BUILD" */ = {
			isa = XCConfigurationList;
			buildConfigurations = (
				9B852308E50047D7BB1FAE81 /* Debug */,
				BC1233A41718435AA46C8A3B /* Release */,
				970313274B1F442BBDA4F468 /* MinSizeRel */,
				A2A650E76AE04417BB2C819D /* RelWithDebInfo */,
			);
			defaultConfigurationIsVisible = 0;
			defaultConfigurationName = Debug;
		};
		42BDDF1C2AAC4B98B6C9E0AF /* Build configuration list for PBXNativeTarget "InterfaceExample" */ = {
			isa = XCConfigurationList;
			buildConfigurations = (
				D4F042D5D9A2446E875F5DF8 /* Debug */,
				7030D2E07667421385ADF27A /* Release */,
				C4B40AE1BE1C4921B96837C5 /* MinSizeRel */,
				B81E3C081552402FBAFBBA3E /* RelWithDebInfo */,
			);
			defaultConfigurationIsVisible = 0;
			defaultConfigurationName = Debug;
		};
		67D3064BA07A4CD1899618CA /* Build configuration list for PBXAggregateTarget "ZERO_CHECK" */ = {
			isa = XCConfigurationList;
			buildConfigurations = (
				4A95F66E758E42009051FCA8 /* Debug */,
				0C07F4B793AF4612A5D44956 /* Release */,
				20AE381F8F2840C9AC0515BB /* MinSizeRel */,
				7877079F73574B0EAE493E54 /* RelWithDebInfo */,
			);
			defaultConfigurationIsVisible = 0;
			defaultConfigurationName = Debug;
		};
		DD3560A17244448EBDE96B47 /* Build configuration list for PBXProject "InterfaceExample" */ = {
			isa = XCConfigurationList;
			buildConfigurations = (
				AE8C32AE7E594908AE0651E5 /* Debug */,
				A0BA2B71D9D945F388D30498 /* Release */,
				B9374BA0C1C2421BAC1DC35B /* MinSizeRel */,
				D91DB1D6EFF54075821E367D /* RelWithDebInfo */,
			);
			defaultConfigurationIsVisible = 0;
			defaultConfigurationName = Debug;
		};
/* End XCConfigurationList section */
	};
	rootObject = C4D4FE870EBF4256B8A56D8A /* Project object */;
}
